
Microsoft Visual Studio Solution File, Format Version 12.00
# Visual Studio Version 16
VisualStudioVersion = 16.0.30011.22
MinimumVisualStudioVersion = 10.0.40219.1
Project("{FAE04EC0-301F-11D3-BF4B-00C04F79EFBC}") = "TH_PTTK_Project", "TH_PTTK_Project\TH_PTTK_Project.csproj", "{3EDD548C-1497-4F22-9308-E577307546CC}"
EndProject
Global
	GlobalSection(SolutionConfigurationPlatforms) = preSolution
		Debug|Any CPU = Debug|Any CPU
		Release|Any CPU = Release|Any CPU
	EndGlobalSection
	GlobalSection(ProjectConfigurationPlatforms) = postSolution
		{3EDD548C-1497-4F22-9308-E577307546CC}.Debug|Any CPU.ActiveCfg = Debug|Any CPU
		{3EDD548C-1497-4F22-9308-E577307546CC}.Debug|Any CPU.Build.0 = Debug|Any CPU
		{3EDD548C-1497-4F22-9308-E577307546CC}.Release|Any CPU.ActiveCfg = Release|Any CPU
		{3EDD548C-1497-4F22-9308-E577307546CC}.Release|Any CPU.Build.0 = Release|Any CPU
	EndGlobalSection
	GlobalSection(SolutionProperties) = preSolution
		HideSolutionNode = FALSE
	EndGlobalSection
	GlobalSection(ExtensibilityGlobals) = postSolution
		SolutionGuid = {5BC76569-B91B-4B37-9A03-0219D00EF7E4}
	EndGlobalSection
EndGlobal
